
Microsoft Visual Studio Solution File, Format Version 12.00
# Visual Studio Version 17
VisualStudioVersion = 17.8.34330.188
MinimumVisualStudioVersion = 10.0.40219.1
Project("{9A19103F-16F7-4668-BE54-9A1E7A4F7556}") = "BulkyWeb", "BulkyWeb\BulkyWeb.csproj", "{2DAB7E82-4DB5-4375-AFEB-F93F160336D8}"
EndProject
Project("{FAE04EC0-301F-11D3-BF4B-00C04F79EFBC}") = "Bulky.DataAccess", "Bulky.DataAccess\Bulky.DataAccess.csproj", "{C5721C16-F06E-4E40-92BF-F2FF5B2B6460}"
EndProject
Project("{FAE04EC0-301F-11D3-BF4B-00C04F79EFBC}") = "Bulky.Models", "Bulky.Models\Bulky.Models.csproj", "{22600BC8-E812-4669-BF6F-436883953997}"
EndProject
Project("{FAE04EC0-301F-11D3-BF4B-00C04F79EFBC}") = "Bulky.Utility", "Bulky.Utility\Bulky.Utility.csproj", "{5330A689-2662-491D-8F68-79E8E2EB1155}"
EndProject
Global
	GlobalSection(SolutionConfigurationPlatforms) = preSolution
		Debug|Any CPU = Debug|Any CPU
		Release|Any CPU = Release|Any CPU
	EndGlobalSection
	GlobalSection(ProjectConfigurationPlatforms) = postSolution
		{2DAB7E82-4DB5-4375-AFEB-F93F160336D8}.Debug|Any CPU.ActiveCfg = Debug|Any CPU
		{2DAB7E82-4DB5-4375-AFEB-F93F160336D8}.Debug|Any CPU.Build.0 = Debug|Any CPU
		{2DAB7E82-4DB5-4375-AFEB-F93F160336D8}.Release|Any CPU.ActiveCfg = Release|Any CPU
		{2DAB7E82-4DB5-4375-AFEB-F93F160336D8}.Release|Any CPU.Build.0 = Release|Any CPU
		{C5721C16-F06E-4E40-92BF-F2FF5B2B6460}.Debug|Any CPU.ActiveCfg = Debug|Any CPU
		{C5721C16-F06E-4E40-92BF-F2FF5B2B6460}.Debug|Any CPU.Build.0 = Debug|Any CPU
		{C5721C16-F06E-4E40-92BF-F2FF5B2B6460}.Release|Any CPU.ActiveCfg = Release|Any CPU
		{C5721C16-F06E-4E40-92BF-F2FF5B2B6460}.Release|Any CPU.Build.0 = Release|Any CPU
		{22600BC8-E812-4669-BF6F-436883953997}.Debug|Any CPU.ActiveCfg = Debug|Any CPU
		{22600BC8-E812-4669-BF6F-436883953997}.Debug|Any CPU.Build.0 = Debug|Any CPU
		{22600BC8-E812-4669-BF6F-436883953997}.Release|Any CPU.ActiveCfg = Release|Any CPU
		{22600BC8-E812-4669-BF6F-436883953997}.Release|Any CPU.Build.0 = Release|Any CPU
		{5330A689-2662-491D-8F68-79E8E2EB1155}.Debug|Any CPU.ActiveCfg = Debug|Any CPU
		{5330A689-2662-491D-8F68-79E8E2EB1155}.Debug|Any CPU.Build.0 = Debug|Any CPU
		{5330A689-2662-491D-8F68-79E8E2EB1155}.Release|Any CPU.ActiveCfg = Release|Any CPU
		{5330A689-2662-491D-8F68-79E8E2EB1155}.Release|Any CPU.Build.0 = Release|Any CPU
	EndGlobalSection
	GlobalSection(SolutionProperties) = preSolution
		HideSolutionNode = FALSE
	EndGlobalSection
	GlobalSection(ExtensibilityGlobals) = postSolution
		SolutionGuid = {900C9870-DE1F-4024-83AE-43471CE9343E}
	EndGlobalSection
EndGlobal
